
Microsoft Visual Studio Solution File, Format Version 12.00
# Visual Studio Version 17
VisualStudioVersion = 17.3.32929.385
MinimumVisualStudioVersion = 10.0.40219.1
Project("{9A19103F-16F7-4668-BE54-9A1E7A4F7556}") = "LollyCommon", "LollyCommon\LollyCommon.csproj", "{24352E07-B701-4735-B319-494B9D011679}"
EndProject
Project("{9A19103F-16F7-4668-BE54-9A1E7A4F7556}") = "LollyWPF", "LollyWPF\LollyWPF.csproj", "{8F460021-7C98-4FA4-92EC-B9BB155386FF}"
EndProject
Project("{9A19103F-16F7-4668-BE54-9A1E7A4F7556}") = "LollyMaui", "LollyMaui\LollyMaui.csproj", "{D8D2757A-276B-4E5E-822F-1E17CA05DC02}"
	ProjectSection(ProjectDependencies) = postProject
		{24352E07-B701-4735-B319-494B9D011679} = {24352E07-B701-4735-B319-494B9D011679}
	EndProjectSection
EndProject
Project("{FAE04EC0-301F-11D3-BF4B-00C04F79EFBC}") = "LollyBlazor", "LollyBlazor\LollyBlazor.csproj", "{C16BA83B-AB0D-4447-97F7-1730D492C495}"
EndProject
Global
	GlobalSection(SolutionConfigurationPlatforms) = preSolution
		Debug|Any CPU = Debug|Any CPU
		Debug|iPhone = Debug|iPhone
		Debug|iPhoneSimulator = Debug|iPhoneSimulator
		Debug|Mixed Platforms = Debug|Mixed Platforms
		Debug|x64 = Debug|x64
		Debug|x86 = Debug|x86
		Release|Any CPU = Release|Any CPU
		Release|iPhone = Release|iPhone
		Release|iPhoneSimulator = Release|iPhoneSimulator
		Release|Mixed Platforms = Release|Mixed Platforms
		Release|x64 = Release|x64
		Release|x86 = Release|x86
	EndGlobalSection
	GlobalSection(ProjectConfigurationPlatforms) = postSolution
		{24352E07-B701-4735-B319-494B9D011679}.Debug|Any CPU.ActiveCfg = Debug|Any CPU
		{24352E07-B701-4735-B319-494B9D011679}.Debug|Any CPU.Build.0 = Debug|Any CPU
		{24352E07-B701-4735-B319-494B9D011679}.Debug|iPhone.ActiveCfg = Debug|Any CPU
		{24352E07-B701-4735-B319-494B9D011679}.Debug|iPhone.Build.0 = Debug|Any CPU
		{24352E07-B701-4735-B319-494B9D011679}.Debug|iPhoneSimulator.ActiveCfg = Debug|Any CPU
		{24352E07-B701-4735-B319-494B9D011679}.Debug|iPhoneSimulator.Build.0 = Debug|Any CPU
		{24352E07-B701-4735-B319-494B9D011679}.Debug|Mixed Platforms.ActiveCfg = Debug|Any CPU
		{24352E07-B701-4735-B319-494B9D011679}.Debug|Mixed Platforms.Build.0 = Debug|Any CPU
		{24352E07-B701-4735-B319-494B9D011679}.Debug|x64.ActiveCfg = Debug|Any CPU
		{24352E07-B701-4735-B319-494B9D011679}.Debug|x64.Build.0 = Debug|Any CPU
		{24352E07-B701-4735-B319-494B9D011679}.Debug|x86.ActiveCfg = Debug|Any CPU
		{24352E07-B701-4735-B319-494B9D011679}.Debug|x86.Build.0 = Debug|Any CPU
		{24352E07-B701-4735-B319-494B9D011679}.Release|Any CPU.ActiveCfg = Release|Any CPU
		{24352E07-B701-4735-B319-494B9D011679}.Release|Any CPU.Build.0 = Release|Any CPU
		{24352E07-B701-4735-B319-494B9D011679}.Release|iPhone.ActiveCfg = Release|Any CPU
		{24352E07-B701-4735-B319-494B9D011679}.Release|iPhone.Build.0 = Release|Any CPU
		{24352E07-B701-4735-B319-494B9D011679}.Release|iPhoneSimulator.ActiveCfg = Release|Any CPU
		{24352E07-B701-4735-B319-494B9D011679}.Release|iPhoneSimulator.Build.0 = Release|Any CPU
		{24352E07-B701-4735-B319-494B9D011679}.Release|Mixed Platforms.ActiveCfg = Release|Any CPU
		{24352E07-B701-4735-B319-494B9D011679}.Release|Mixed Platforms.Build.0 = Release|Any CPU
		{24352E07-B701-4735-B319-494B9D011679}.Release|x64.ActiveCfg = Release|Any CPU
		{24352E07-B701-4735-B319-494B9D011679}.Release|x64.Build.0 = Release|Any CPU
		{24352E07-B701-4735-B319-494B9D011679}.Release|x86.ActiveCfg = Release|Any CPU
		{24352E07-B701-4735-B319-494B9D011679}.Release|x86.Build.0 = Release|Any CPU
		{8F460021-7C98-4FA4-92EC-B9BB155386FF}.Debug|Any CPU.ActiveCfg = Debug|Any CPU
		{8F460021-7C98-4FA4-92EC-B9BB155386FF}.Debug|iPhone.ActiveCfg = Debug|Any CPU
		{8F460021-7C98-4FA4-92EC-B9BB155386FF}.Debug|iPhone.Build.0 = Debug|Any CPU
		{8F460021-7C98-4FA4-92EC-B9BB155386FF}.Debug|iPhoneSimulator.ActiveCfg = Debug|Any CPU
		{8F460021-7C98-4FA4-92EC-B9BB155386FF}.Debug|iPhoneSimulator.Build.0 = Debug|Any CPU
		{8F460021-7C98-4FA4-92EC-B9BB155386FF}.Debug|Mixed Platforms.ActiveCfg = Debug|Any CPU
		{8F460021-7C98-4FA4-92EC-B9BB155386FF}.Debug|Mixed Platforms.Build.0 = Debug|Any CPU
		{8F460021-7C98-4FA4-92EC-B9BB155386FF}.Debug|x64.ActiveCfg = Debug|Any CPU
		{8F460021-7C98-4FA4-92EC-B9BB155386FF}.Debug|x64.Build.0 = Debug|Any CPU
		{8F460021-7C98-4FA4-92EC-B9BB155386FF}.Debug|x86.ActiveCfg = Debug|Any CPU
		{8F460021-7C98-4FA4-92EC-B9BB155386FF}.Debug|x86.Build.0 = Debug|Any CPU
		{8F460021-7C98-4FA4-92EC-B9BB155386FF}.Release|Any CPU.ActiveCfg = Release|Any CPU
		{8F460021-7C98-4FA4-92EC-B9BB155386FF}.Release|Any CPU.Build.0 = Release|Any CPU
		{8F460021-7C98-4FA4-92EC-B9BB155386FF}.Release|iPhone.ActiveCfg = Release|Any CPU
		{8F460021-7C98-4FA4-92EC-B9BB155386FF}.Release|iPhone.Build.0 = Release|Any CPU
		{8F460021-7C98-4FA4-92EC-B9BB155386FF}.Release|iPhoneSimulator.ActiveCfg = Release|Any CPU
		{8F460021-7C98-4FA4-92EC-B9BB155386FF}.Release|iPhoneSimulator.Build.0 = Release|Any CPU
		{8F460021-7C98-4FA4-92EC-B9BB155386FF}.Release|Mixed Platforms.ActiveCfg = Release|Any CPU
		{8F460021-7C98-4FA4-92EC-B9BB155386FF}.Release|Mixed Platforms.Build.0 = Release|Any CPU
		{8F460021-7C98-4FA4-92EC-B9BB155386FF}.Release|x64.ActiveCfg = Release|Any CPU
		{8F460021-7C98-4FA4-92EC-B9BB155386FF}.Release|x64.Build.0 = Release|Any CPU
		{8F460021-7C98-4FA4-92EC-B9BB155386FF}.Release|x86.ActiveCfg = Release|Any CPU
		{8F460021-7C98-4FA4-92EC-B9BB155386FF}.Release|x86.Build.0 = Release|Any CPU
		{D8D2757A-276B-4E5E-822F-1E17CA05DC02}.Debug|Any CPU.ActiveCfg = Debug|Any CPU
		{D8D2757A-276B-4E5E-822F-1E17CA05DC02}.Debug|Any CPU.Build.0 = Debug|Any CPU
		{D8D2757A-276B-4E5E-822F-1E17CA05DC02}.Debug|Any CPU.Deploy.0 = Debug|Any CPU
		{D8D2757A-276B-4E5E-822F-1E17CA05DC02}.Debug|iPhone.ActiveCfg = Debug|Any CPU
		{D8D2757A-276B-4E5E-822F-1E17CA05DC02}.Debug|iPhone.Build.0 = Debug|Any CPU
		{D8D2757A-276B-4E5E-822F-1E17CA05DC02}.Debug|iPhone.Deploy.0 = Debug|Any CPU
		{D8D2757A-276B-4E5E-822F-1E17CA05DC02}.Debug|iPhoneSimulator.ActiveCfg = Debug|Any CPU
		{D8D2757A-276B-4E5E-822F-1E17CA05DC02}.Debug|iPhoneSimulator.Build.0 = Debug|Any CPU
		{D8D2757A-276B-4E5E-822F-1E17CA05DC02}.Debug|iPhoneSimulator.Deploy.0 = Debug|Any CPU
		{D8D2757A-276B-4E5E-822F-1E17CA05DC02}.Debug|Mixed Platforms.ActiveCfg = Debug|Any CPU
		{D8D2757A-276B-4E5E-822F-1E17CA05DC02}.Debug|Mixed Platforms.Build.0 = Debug|Any CPU
		{D8D2757A-276B-4E5E-822F-1E17CA05DC02}.Debug|Mixed Platforms.Deploy.0 = Debug|Any CPU
		{D8D2757A-276B-4E5E-822F-1E17CA05DC02}.Debug|x64.ActiveCfg = Debug|Any CPU
		{D8D2757A-276B-4E5E-822F-1E17CA05DC02}.Debug|x64.Build.0 = Debug|Any CPU
		{D8D2757A-276B-4E5E-822F-1E17CA05DC02}.Debug|x64.Deploy.0 = Debug|Any CPU
		{D8D2757A-276B-4E5E-822F-1E17CA05DC02}.Debug|x86.ActiveCfg = Debug|Any CPU
		{D8D2757A-276B-4E5E-822F-1E17CA05DC02}.Debug|x86.Build.0 = Debug|Any CPU
		{D8D2757A-276B-4E5E-822F-1E17CA05DC02}.Debug|x86.Deploy.0 = Debug|Any CPU
		{D8D2757A-276B-4E5E-822F-1E17CA05DC02}.Release|Any CPU.ActiveCfg = Release|Any CPU
		{D8D2757A-276B-4E5E-822F-1E17CA05DC02}.Release|Any CPU.Build.0 = Release|Any CPU
		{D8D2757A-276B-4E5E-822F-1E17CA05DC02}.Release|Any CPU.Deploy.0 = Release|Any CPU
		{D8D2757A-276B-4E5E-822F-1E17CA05DC02}.Release|iPhone.ActiveCfg = Release|Any CPU
		{D8D2757A-276B-4E5E-822F-1E17CA05DC02}.Release|iPhone.Build.0 = Release|Any CPU
		{D8D2757A-276B-4E5E-822F-1E17CA05DC02}.Release|iPhone.Deploy.0 = Release|Any CPU
		{D8D2757A-276B-4E5E-822F-1E17CA05DC02}.Release|iPhoneSimulator.ActiveCfg = Release|Any CPU
		{D8D2757A-276B-4E5E-822F-1E17CA05DC02}.Release|iPhoneSimulator.Build.0 = Release|Any CPU
		{D8D2757A-276B-4E5E-822F-1E17CA05DC02}.Release|iPhoneSimulator.Deploy.0 = Release|Any CPU
		{D8D2757A-276B-4E5E-822F-1E17CA05DC02}.Release|Mixed Platforms.ActiveCfg = Release|Any CPU
		{D8D2757A-276B-4E5E-822F-1E17CA05DC02}.Release|Mixed Platforms.Build.0 = Release|Any CPU
		{D8D2757A-276B-4E5E-822F-1E17CA05DC02}.Release|Mixed Platforms.Deploy.0 = Release|Any CPU
		{D8D2757A-276B-4E5E-822F-1E17CA05DC02}.Release|x64.ActiveCfg = Release|Any CPU
		{D8D2757A-276B-4E5E-822F-1E17CA05DC02}.Release|x64.Build.0 = Release|Any CPU
		{D8D2757A-276B-4E5E-822F-1E17CA05DC02}.Release|x64.Deploy.0 = Release|Any CPU
		{D8D2757A-276B-4E5E-822F-1E17CA05DC02}.Release|x86.ActiveCfg = Release|Any CPU
		{D8D2757A-276B-4E5E-822F-1E17CA05DC02}.Release|x86.Build.0 = Release|Any CPU
		{D8D2757A-276B-4E5E-822F-1E17CA05DC02}.Release|x86.Deploy.0 = Release|Any CPU
		{C16BA83B-AB0D-4447-97F7-1730D492C495}.Debug|Any CPU.ActiveCfg = Debug|Any CPU
		{C16BA83B-AB0D-4447-97F7-1730D492C495}.Debug|Any CPU.Build.0 = Debug|Any CPU
		{C16BA83B-AB0D-4447-97F7-1730D492C495}.Debug|iPhone.ActiveCfg = Debug|Any CPU
		{C16BA83B-AB0D-4447-97F7-1730D492C495}.Debug|iPhone.Build.0 = Debug|Any CPU
		{C16BA83B-AB0D-4447-97F7-1730D492C495}.Debug|iPhoneSimulator.ActiveCfg = Debug|Any CPU
		{C16BA83B-AB0D-4447-97F7-1730D492C495}.Debug|iPhoneSimulator.Build.0 = Debug|Any CPU
		{C16BA83B-AB0D-4447-97F7-1730D492C495}.Debug|Mixed Platforms.ActiveCfg = Debug|Any CPU
		{C16BA83B-AB0D-4447-97F7-1730D492C495}.Debug|Mixed Platforms.Build.0 = Debug|Any CPU
		{C16BA83B-AB0D-4447-97F7-1730D492C495}.Debug|x64.ActiveCfg = Debug|Any CPU
		{C16BA83B-AB0D-4447-97F7-1730D492C495}.Debug|x64.Build.0 = Debug|Any CPU
		{C16BA83B-AB0D-4447-97F7-1730D492C495}.Debug|x86.ActiveCfg = Debug|Any CPU
		{C16BA83B-AB0D-4447-97F7-1730D492C495}.Debug|x86.Build.0 = Debug|Any CPU
		{C16BA83B-AB0D-4447-97F7-1730D492C495}.Release|Any CPU.ActiveCfg = Release|Any CPU
		{C16BA83B-AB0D-4447-97F7-1730D492C495}.Release|Any CPU.Build.0 = Release|Any CPU
		{C16BA83B-AB0D-4447-97F7-1730D492C495}.Release|iPhone.ActiveCfg = Release|Any CPU
		{C16BA83B-AB0D-4447-97F7-1730D492C495}.Release|iPhone.Build.0 = Release|Any CPU
		{C16BA83B-AB0D-4447-97F7-1730D492C495}.Release|iPhoneSimulator.ActiveCfg = Release|Any CPU
		{C16BA83B-AB0D-4447-97F7-1730D492C495}.Release|iPhoneSimulator.Build.0 = Release|Any CPU
		{C16BA83B-AB0D-4447-97F7-1730D492C495}.Release|Mixed Platforms.ActiveCfg = Release|Any CPU
		{C16BA83B-AB0D-4447-97F7-1730D492C495}.Release|Mixed Platforms.Build.0 = Release|Any CPU
		{C16BA83B-AB0D-4447-97F7-1730D492C495}.Release|x64.ActiveCfg = Release|Any CPU
		{C16BA83B-AB0D-4447-97F7-1730D492C495}.Release|x64.Build.0 = Release|Any CPU
		{C16BA83B-AB0D-4447-97F7-1730D492C495}.Release|x86.ActiveCfg = Release|Any CPU
		{C16BA83B-AB0D-4447-97F7-1730D492C495}.Release|x86.Build.0 = Release|Any CPU
	EndGlobalSection
	GlobalSection(SolutionProperties) = preSolution
		HideSolutionNode = FALSE
	EndGlobalSection
	GlobalSection(ExtensibilityGlobals) = postSolution
		SolutionGuid = {0E1A00C8-4BDD-4F91-81ED-3288DE7D3CC2}
	EndGlobalSection
EndGlobal
