
Microsoft Visual Studio Solution File, Format Version 12.00
# Visual Studio Version 16
VisualStudioVersion = 16.0.29123.88
MinimumVisualStudioVersion = 10.0.40219.1
Project("{FAE04EC0-301F-11D3-BF4B-00C04F79EFBC}") = "LollyCloud", "LollyCloud\LollyCloud.csproj", "{D7269E32-A0D9-446D-904A-8256BCF6D1E6}"
EndProject
Project("{FAE04EC0-301F-11D3-BF4B-00C04F79EFBC}") = "LollyXamarin.Android", "LollyXamarin\LollyXamarin.Android\LollyXamarin.Android.csproj", "{984C63E7-2448-432E-8396-B3DEA934A0C2}"
EndProject
Project("{FAE04EC0-301F-11D3-BF4B-00C04F79EFBC}") = "LollyXamarin.iOS", "LollyXamarin\LollyXamarin.iOS\LollyXamarin.iOS.csproj", "{398A84CC-B37E-4D16-9DBC-3C31632F1AAB}"
EndProject
Project("{9A19103F-16F7-4668-BE54-9A1E7A4F7556}") = "LollyXamarin", "LollyXamarin\LollyXamarin\LollyXamarin.csproj", "{9D7DBE4C-2E01-4E7B-BCA3-EA319294B7DE}"
	ProjectSection(ProjectDependencies) = postProject
		{24352E07-B701-4735-B319-494B9D011679} = {24352E07-B701-4735-B319-494B9D011679}
	EndProjectSection
EndProject
Project("{FAE04EC0-301F-11D3-BF4B-00C04F79EFBC}") = "LollyCommon", "LollyCommon\LollyCommon.csproj", "{24352E07-B701-4735-B319-494B9D011679}"
EndProject
Global
	GlobalSection(SolutionConfigurationPlatforms) = preSolution
		Debug|Any CPU = Debug|Any CPU
		Debug|iPhone = Debug|iPhone
		Debug|iPhoneSimulator = Debug|iPhoneSimulator
		Debug|Mixed Platforms = Debug|Mixed Platforms
		Debug|x64 = Debug|x64
		Debug|x86 = Debug|x86
		Release|Any CPU = Release|Any CPU
		Release|iPhone = Release|iPhone
		Release|iPhoneSimulator = Release|iPhoneSimulator
		Release|Mixed Platforms = Release|Mixed Platforms
		Release|x64 = Release|x64
		Release|x86 = Release|x86
	EndGlobalSection
	GlobalSection(ProjectConfigurationPlatforms) = postSolution
		{D7269E32-A0D9-446D-904A-8256BCF6D1E6}.Debug|Any CPU.ActiveCfg = Debug|Any CPU
		{D7269E32-A0D9-446D-904A-8256BCF6D1E6}.Debug|Any CPU.Build.0 = Debug|Any CPU
		{D7269E32-A0D9-446D-904A-8256BCF6D1E6}.Debug|iPhone.ActiveCfg = Debug|Any CPU
		{D7269E32-A0D9-446D-904A-8256BCF6D1E6}.Debug|iPhone.Build.0 = Debug|Any CPU
		{D7269E32-A0D9-446D-904A-8256BCF6D1E6}.Debug|iPhoneSimulator.ActiveCfg = Debug|Any CPU
		{D7269E32-A0D9-446D-904A-8256BCF6D1E6}.Debug|iPhoneSimulator.Build.0 = Debug|Any CPU
		{D7269E32-A0D9-446D-904A-8256BCF6D1E6}.Debug|Mixed Platforms.ActiveCfg = Debug|Any CPU
		{D7269E32-A0D9-446D-904A-8256BCF6D1E6}.Debug|Mixed Platforms.Build.0 = Debug|Any CPU
		{D7269E32-A0D9-446D-904A-8256BCF6D1E6}.Debug|x64.ActiveCfg = Debug|x64
		{D7269E32-A0D9-446D-904A-8256BCF6D1E6}.Debug|x64.Build.0 = Debug|x64
		{D7269E32-A0D9-446D-904A-8256BCF6D1E6}.Debug|x86.ActiveCfg = Debug|x86
		{D7269E32-A0D9-446D-904A-8256BCF6D1E6}.Debug|x86.Build.0 = Debug|x86
		{D7269E32-A0D9-446D-904A-8256BCF6D1E6}.Release|Any CPU.ActiveCfg = Release|Any CPU
		{D7269E32-A0D9-446D-904A-8256BCF6D1E6}.Release|Any CPU.Build.0 = Release|Any CPU
		{D7269E32-A0D9-446D-904A-8256BCF6D1E6}.Release|iPhone.ActiveCfg = Release|Any CPU
		{D7269E32-A0D9-446D-904A-8256BCF6D1E6}.Release|iPhone.Build.0 = Release|Any CPU
		{D7269E32-A0D9-446D-904A-8256BCF6D1E6}.Release|iPhoneSimulator.ActiveCfg = Release|Any CPU
		{D7269E32-A0D9-446D-904A-8256BCF6D1E6}.Release|iPhoneSimulator.Build.0 = Release|Any CPU
		{D7269E32-A0D9-446D-904A-8256BCF6D1E6}.Release|Mixed Platforms.ActiveCfg = Release|Any CPU
		{D7269E32-A0D9-446D-904A-8256BCF6D1E6}.Release|Mixed Platforms.Build.0 = Release|Any CPU
		{D7269E32-A0D9-446D-904A-8256BCF6D1E6}.Release|x64.ActiveCfg = Release|x64
		{D7269E32-A0D9-446D-904A-8256BCF6D1E6}.Release|x64.Build.0 = Release|x64
		{D7269E32-A0D9-446D-904A-8256BCF6D1E6}.Release|x86.ActiveCfg = Release|Any CPU
		{D7269E32-A0D9-446D-904A-8256BCF6D1E6}.Release|x86.Build.0 = Release|Any CPU
		{984C63E7-2448-432E-8396-B3DEA934A0C2}.Debug|Any CPU.ActiveCfg = Debug|Any CPU
		{984C63E7-2448-432E-8396-B3DEA934A0C2}.Debug|Any CPU.Build.0 = Debug|Any CPU
		{984C63E7-2448-432E-8396-B3DEA934A0C2}.Debug|Any CPU.Deploy.0 = Debug|Any CPU
		{984C63E7-2448-432E-8396-B3DEA934A0C2}.Debug|iPhone.ActiveCfg = Debug|Any CPU
		{984C63E7-2448-432E-8396-B3DEA934A0C2}.Debug|iPhone.Build.0 = Debug|Any CPU
		{984C63E7-2448-432E-8396-B3DEA934A0C2}.Debug|iPhone.Deploy.0 = Debug|Any CPU
		{984C63E7-2448-432E-8396-B3DEA934A0C2}.Debug|iPhoneSimulator.ActiveCfg = Debug|Any CPU
		{984C63E7-2448-432E-8396-B3DEA934A0C2}.Debug|iPhoneSimulator.Build.0 = Debug|Any CPU
		{984C63E7-2448-432E-8396-B3DEA934A0C2}.Debug|iPhoneSimulator.Deploy.0 = Debug|Any CPU
		{984C63E7-2448-432E-8396-B3DEA934A0C2}.Debug|Mixed Platforms.ActiveCfg = Debug|Any CPU
		{984C63E7-2448-432E-8396-B3DEA934A0C2}.Debug|Mixed Platforms.Build.0 = Debug|Any CPU
		{984C63E7-2448-432E-8396-B3DEA934A0C2}.Debug|Mixed Platforms.Deploy.0 = Debug|Any CPU
		{984C63E7-2448-432E-8396-B3DEA934A0C2}.Debug|x64.ActiveCfg = Debug|Any CPU
		{984C63E7-2448-432E-8396-B3DEA934A0C2}.Debug|x64.Build.0 = Debug|Any CPU
		{984C63E7-2448-432E-8396-B3DEA934A0C2}.Debug|x64.Deploy.0 = Debug|Any CPU
		{984C63E7-2448-432E-8396-B3DEA934A0C2}.Debug|x86.ActiveCfg = Debug|Any CPU
		{984C63E7-2448-432E-8396-B3DEA934A0C2}.Debug|x86.Build.0 = Debug|Any CPU
		{984C63E7-2448-432E-8396-B3DEA934A0C2}.Debug|x86.Deploy.0 = Debug|Any CPU
		{984C63E7-2448-432E-8396-B3DEA934A0C2}.Release|Any CPU.ActiveCfg = Release|Any CPU
		{984C63E7-2448-432E-8396-B3DEA934A0C2}.Release|Any CPU.Build.0 = Release|Any CPU
		{984C63E7-2448-432E-8396-B3DEA934A0C2}.Release|Any CPU.Deploy.0 = Release|Any CPU
		{984C63E7-2448-432E-8396-B3DEA934A0C2}.Release|iPhone.ActiveCfg = Release|Any CPU
		{984C63E7-2448-432E-8396-B3DEA934A0C2}.Release|iPhone.Build.0 = Release|Any CPU
		{984C63E7-2448-432E-8396-B3DEA934A0C2}.Release|iPhone.Deploy.0 = Release|Any CPU
		{984C63E7-2448-432E-8396-B3DEA934A0C2}.Release|iPhoneSimulator.ActiveCfg = Release|Any CPU
		{984C63E7-2448-432E-8396-B3DEA934A0C2}.Release|iPhoneSimulator.Build.0 = Release|Any CPU
		{984C63E7-2448-432E-8396-B3DEA934A0C2}.Release|iPhoneSimulator.Deploy.0 = Release|Any CPU
		{984C63E7-2448-432E-8396-B3DEA934A0C2}.Release|Mixed Platforms.ActiveCfg = Release|Any CPU
		{984C63E7-2448-432E-8396-B3DEA934A0C2}.Release|Mixed Platforms.Build.0 = Release|Any CPU
		{984C63E7-2448-432E-8396-B3DEA934A0C2}.Release|Mixed Platforms.Deploy.0 = Release|Any CPU
		{984C63E7-2448-432E-8396-B3DEA934A0C2}.Release|x64.ActiveCfg = Release|Any CPU
		{984C63E7-2448-432E-8396-B3DEA934A0C2}.Release|x64.Build.0 = Release|Any CPU
		{984C63E7-2448-432E-8396-B3DEA934A0C2}.Release|x64.Deploy.0 = Release|Any CPU
		{984C63E7-2448-432E-8396-B3DEA934A0C2}.Release|x86.ActiveCfg = Release|Any CPU
		{984C63E7-2448-432E-8396-B3DEA934A0C2}.Release|x86.Build.0 = Release|Any CPU
		{984C63E7-2448-432E-8396-B3DEA934A0C2}.Release|x86.Deploy.0 = Release|Any CPU
		{398A84CC-B37E-4D16-9DBC-3C31632F1AAB}.Debug|Any CPU.ActiveCfg = Debug|iPhone
		{398A84CC-B37E-4D16-9DBC-3C31632F1AAB}.Debug|iPhone.ActiveCfg = Debug|iPhone
		{398A84CC-B37E-4D16-9DBC-3C31632F1AAB}.Debug|iPhone.Build.0 = Debug|iPhone
		{398A84CC-B37E-4D16-9DBC-3C31632F1AAB}.Debug|iPhoneSimulator.ActiveCfg = Debug|iPhoneSimulator
		{398A84CC-B37E-4D16-9DBC-3C31632F1AAB}.Debug|iPhoneSimulator.Build.0 = Debug|iPhoneSimulator
		{398A84CC-B37E-4D16-9DBC-3C31632F1AAB}.Debug|Mixed Platforms.ActiveCfg = Debug|iPhone
		{398A84CC-B37E-4D16-9DBC-3C31632F1AAB}.Debug|Mixed Platforms.Build.0 = Debug|iPhone
		{398A84CC-B37E-4D16-9DBC-3C31632F1AAB}.Debug|x64.ActiveCfg = Debug|iPhone
		{398A84CC-B37E-4D16-9DBC-3C31632F1AAB}.Debug|x86.ActiveCfg = Debug|iPhone
		{398A84CC-B37E-4D16-9DBC-3C31632F1AAB}.Release|Any CPU.ActiveCfg = Release|iPhone
		{398A84CC-B37E-4D16-9DBC-3C31632F1AAB}.Release|iPhone.ActiveCfg = Release|iPhone
		{398A84CC-B37E-4D16-9DBC-3C31632F1AAB}.Release|iPhone.Build.0 = Release|iPhone
		{398A84CC-B37E-4D16-9DBC-3C31632F1AAB}.Release|iPhoneSimulator.ActiveCfg = Release|iPhoneSimulator
		{398A84CC-B37E-4D16-9DBC-3C31632F1AAB}.Release|iPhoneSimulator.Build.0 = Release|iPhoneSimulator
		{398A84CC-B37E-4D16-9DBC-3C31632F1AAB}.Release|Mixed Platforms.ActiveCfg = Release|iPhone
		{398A84CC-B37E-4D16-9DBC-3C31632F1AAB}.Release|Mixed Platforms.Build.0 = Release|iPhone
		{398A84CC-B37E-4D16-9DBC-3C31632F1AAB}.Release|x64.ActiveCfg = Release|iPhone
		{398A84CC-B37E-4D16-9DBC-3C31632F1AAB}.Release|x86.ActiveCfg = Release|iPhone
		{9D7DBE4C-2E01-4E7B-BCA3-EA319294B7DE}.Debug|Any CPU.ActiveCfg = Debug|Any CPU
		{9D7DBE4C-2E01-4E7B-BCA3-EA319294B7DE}.Debug|Any CPU.Build.0 = Debug|Any CPU
		{9D7DBE4C-2E01-4E7B-BCA3-EA319294B7DE}.Debug|iPhone.ActiveCfg = Debug|Any CPU
		{9D7DBE4C-2E01-4E7B-BCA3-EA319294B7DE}.Debug|iPhone.Build.0 = Debug|Any CPU
		{9D7DBE4C-2E01-4E7B-BCA3-EA319294B7DE}.Debug|iPhoneSimulator.ActiveCfg = Debug|Any CPU
		{9D7DBE4C-2E01-4E7B-BCA3-EA319294B7DE}.Debug|iPhoneSimulator.Build.0 = Debug|Any CPU
		{9D7DBE4C-2E01-4E7B-BCA3-EA319294B7DE}.Debug|Mixed Platforms.ActiveCfg = Debug|Any CPU
		{9D7DBE4C-2E01-4E7B-BCA3-EA319294B7DE}.Debug|Mixed Platforms.Build.0 = Debug|Any CPU
		{9D7DBE4C-2E01-4E7B-BCA3-EA319294B7DE}.Debug|x64.ActiveCfg = Debug|Any CPU
		{9D7DBE4C-2E01-4E7B-BCA3-EA319294B7DE}.Debug|x64.Build.0 = Debug|Any CPU
		{9D7DBE4C-2E01-4E7B-BCA3-EA319294B7DE}.Debug|x86.ActiveCfg = Debug|Any CPU
		{9D7DBE4C-2E01-4E7B-BCA3-EA319294B7DE}.Debug|x86.Build.0 = Debug|Any CPU
		{9D7DBE4C-2E01-4E7B-BCA3-EA319294B7DE}.Release|Any CPU.ActiveCfg = Release|Any CPU
		{9D7DBE4C-2E01-4E7B-BCA3-EA319294B7DE}.Release|Any CPU.Build.0 = Release|Any CPU
		{9D7DBE4C-2E01-4E7B-BCA3-EA319294B7DE}.Release|iPhone.ActiveCfg = Release|Any CPU
		{9D7DBE4C-2E01-4E7B-BCA3-EA319294B7DE}.Release|iPhone.Build.0 = Release|Any CPU
		{9D7DBE4C-2E01-4E7B-BCA3-EA319294B7DE}.Release|iPhoneSimulator.ActiveCfg = Release|Any CPU
		{9D7DBE4C-2E01-4E7B-BCA3-EA319294B7DE}.Release|iPhoneSimulator.Build.0 = Release|Any CPU
		{9D7DBE4C-2E01-4E7B-BCA3-EA319294B7DE}.Release|Mixed Platforms.ActiveCfg = Release|Any CPU
		{9D7DBE4C-2E01-4E7B-BCA3-EA319294B7DE}.Release|Mixed Platforms.Build.0 = Release|Any CPU
		{9D7DBE4C-2E01-4E7B-BCA3-EA319294B7DE}.Release|x64.ActiveCfg = Release|Any CPU
		{9D7DBE4C-2E01-4E7B-BCA3-EA319294B7DE}.Release|x64.Build.0 = Release|Any CPU
		{9D7DBE4C-2E01-4E7B-BCA3-EA319294B7DE}.Release|x86.ActiveCfg = Release|Any CPU
		{9D7DBE4C-2E01-4E7B-BCA3-EA319294B7DE}.Release|x86.Build.0 = Release|Any CPU
		{24352E07-B701-4735-B319-494B9D011679}.Debug|Any CPU.ActiveCfg = Debug|Any CPU
		{24352E07-B701-4735-B319-494B9D011679}.Debug|Any CPU.Build.0 = Debug|Any CPU
		{24352E07-B701-4735-B319-494B9D011679}.Debug|iPhone.ActiveCfg = Debug|Any CPU
		{24352E07-B701-4735-B319-494B9D011679}.Debug|iPhone.Build.0 = Debug|Any CPU
		{24352E07-B701-4735-B319-494B9D011679}.Debug|iPhoneSimulator.ActiveCfg = Debug|Any CPU
		{24352E07-B701-4735-B319-494B9D011679}.Debug|iPhoneSimulator.Build.0 = Debug|Any CPU
		{24352E07-B701-4735-B319-494B9D011679}.Debug|Mixed Platforms.ActiveCfg = Debug|Any CPU
		{24352E07-B701-4735-B319-494B9D011679}.Debug|Mixed Platforms.Build.0 = Debug|Any CPU
		{24352E07-B701-4735-B319-494B9D011679}.Debug|x64.ActiveCfg = Debug|Any CPU
		{24352E07-B701-4735-B319-494B9D011679}.Debug|x64.Build.0 = Debug|Any CPU
		{24352E07-B701-4735-B319-494B9D011679}.Debug|x86.ActiveCfg = Debug|Any CPU
		{24352E07-B701-4735-B319-494B9D011679}.Debug|x86.Build.0 = Debug|Any CPU
		{24352E07-B701-4735-B319-494B9D011679}.Release|Any CPU.ActiveCfg = Release|Any CPU
		{24352E07-B701-4735-B319-494B9D011679}.Release|Any CPU.Build.0 = Release|Any CPU
		{24352E07-B701-4735-B319-494B9D011679}.Release|iPhone.ActiveCfg = Release|Any CPU
		{24352E07-B701-4735-B319-494B9D011679}.Release|iPhone.Build.0 = Release|Any CPU
		{24352E07-B701-4735-B319-494B9D011679}.Release|iPhoneSimulator.ActiveCfg = Release|Any CPU
		{24352E07-B701-4735-B319-494B9D011679}.Release|iPhoneSimulator.Build.0 = Release|Any CPU
		{24352E07-B701-4735-B319-494B9D011679}.Release|Mixed Platforms.ActiveCfg = Release|Any CPU
		{24352E07-B701-4735-B319-494B9D011679}.Release|Mixed Platforms.Build.0 = Release|Any CPU
		{24352E07-B701-4735-B319-494B9D011679}.Release|x64.ActiveCfg = Release|Any CPU
		{24352E07-B701-4735-B319-494B9D011679}.Release|x64.Build.0 = Release|Any CPU
		{24352E07-B701-4735-B319-494B9D011679}.Release|x86.ActiveCfg = Release|Any CPU
		{24352E07-B701-4735-B319-494B9D011679}.Release|x86.Build.0 = Release|Any CPU
	EndGlobalSection
	GlobalSection(SolutionProperties) = preSolution
		HideSolutionNode = FALSE
	EndGlobalSection
	GlobalSection(ExtensibilityGlobals) = postSolution
		SolutionGuid = {0E1A00C8-4BDD-4F91-81ED-3288DE7D3CC2}
	EndGlobalSection
EndGlobal
